
Microsoft Visual Studio Solution File, Format Version 12.00
# Visual Studio Version 17
VisualStudioVersion = 17.8.34322.80
MinimumVisualStudioVersion = 10.0.40219.1
Project("{9A19103F-16F7-4668-BE54-9A1E7A4F7556}") = "ConsoleApp1", "ConsoleApp1\ConsoleApp1.csproj", "{D683C295-BB23-4740-840D-49CAE5EAFEBB}"
EndProject
Project("{9A19103F-16F7-4668-BE54-9A1E7A4F7556}") = "ex2", "ex2\ex2.csproj", "{50BC2D57-46BE-4686-9D0C-DD8FBA27D29F}"
EndProject
Project("{9A19103F-16F7-4668-BE54-9A1E7A4F7556}") = "ex3", "ex3\ex3.csproj", "{7B5814DA-128C-4A17-B32E-7960118BFF53}"
EndProject
Project("{FAE04EC0-301F-11D3-BF4B-00C04F79EFBC}") = "ConsoleApp1Tests", "ConsoleApp1Tests\ConsoleApp1Tests.csproj", "{FFC86271-C5FE-4199-810A-0DC356B8C4AC}"
EndProject
Project("{FAE04EC0-301F-11D3-BF4B-00C04F79EFBC}") = "ex3Tests", "ex3Tests\ex3Tests.csproj", "{AB22C2F2-A775-4295-A7A9-8A15F1AB0BD7}"
EndProject
Project("{FAE04EC0-301F-11D3-BF4B-00C04F79EFBC}") = "ex2Tests", "ex2Tests\ex2Tests.csproj", "{3F7B4FDB-5DF9-45F4-83B9-BA1391BBCC12}"
EndProject
Global
	GlobalSection(SolutionConfigurationPlatforms) = preSolution
		Debug|Any CPU = Debug|Any CPU
		Release|Any CPU = Release|Any CPU
	EndGlobalSection
	GlobalSection(ProjectConfigurationPlatforms) = postSolution
		{D683C295-BB23-4740-840D-49CAE5EAFEBB}.Debug|Any CPU.ActiveCfg = Debug|Any CPU
		{D683C295-BB23-4740-840D-49CAE5EAFEBB}.Debug|Any CPU.Build.0 = Debug|Any CPU
		{D683C295-BB23-4740-840D-49CAE5EAFEBB}.Release|Any CPU.ActiveCfg = Release|Any CPU
		{D683C295-BB23-4740-840D-49CAE5EAFEBB}.Release|Any CPU.Build.0 = Release|Any CPU
		{50BC2D57-46BE-4686-9D0C-DD8FBA27D29F}.Debug|Any CPU.ActiveCfg = Debug|Any CPU
		{50BC2D57-46BE-4686-9D0C-DD8FBA27D29F}.Debug|Any CPU.Build.0 = Debug|Any CPU
		{50BC2D57-46BE-4686-9D0C-DD8FBA27D29F}.Release|Any CPU.ActiveCfg = Release|Any CPU
		{50BC2D57-46BE-4686-9D0C-DD8FBA27D29F}.Release|Any CPU.Build.0 = Release|Any CPU
		{7B5814DA-128C-4A17-B32E-7960118BFF53}.Debug|Any CPU.ActiveCfg = Debug|Any CPU
		{7B5814DA-128C-4A17-B32E-7960118BFF53}.Debug|Any CPU.Build.0 = Debug|Any CPU
		{7B5814DA-128C-4A17-B32E-7960118BFF53}.Release|Any CPU.ActiveCfg = Release|Any CPU
		{7B5814DA-128C-4A17-B32E-7960118BFF53}.Release|Any CPU.Build.0 = Release|Any CPU
		{FFC86271-C5FE-4199-810A-0DC356B8C4AC}.Debug|Any CPU.ActiveCfg = Debug|Any CPU
		{FFC86271-C5FE-4199-810A-0DC356B8C4AC}.Debug|Any CPU.Build.0 = Debug|Any CPU
		{FFC86271-C5FE-4199-810A-0DC356B8C4AC}.Release|Any CPU.ActiveCfg = Release|Any CPU
		{FFC86271-C5FE-4199-810A-0DC356B8C4AC}.Release|Any CPU.Build.0 = Release|Any CPU
		{AB22C2F2-A775-4295-A7A9-8A15F1AB0BD7}.Debug|Any CPU.ActiveCfg = Debug|Any CPU
		{AB22C2F2-A775-4295-A7A9-8A15F1AB0BD7}.Debug|Any CPU.Build.0 = Debug|Any CPU
		{AB22C2F2-A775-4295-A7A9-8A15F1AB0BD7}.Release|Any CPU.ActiveCfg = Release|Any CPU
		{AB22C2F2-A775-4295-A7A9-8A15F1AB0BD7}.Release|Any CPU.Build.0 = Release|Any CPU
		{3F7B4FDB-5DF9-45F4-83B9-BA1391BBCC12}.Debug|Any CPU.ActiveCfg = Debug|Any CPU
		{3F7B4FDB-5DF9-45F4-83B9-BA1391BBCC12}.Debug|Any CPU.Build.0 = Debug|Any CPU
		{3F7B4FDB-5DF9-45F4-83B9-BA1391BBCC12}.Release|Any CPU.ActiveCfg = Release|Any CPU
		{3F7B4FDB-5DF9-45F4-83B9-BA1391BBCC12}.Release|Any CPU.Build.0 = Release|Any CPU
	EndGlobalSection
	GlobalSection(SolutionProperties) = preSolution
		HideSolutionNode = FALSE
	EndGlobalSection
	GlobalSection(ExtensibilityGlobals) = postSolution
		SolutionGuid = {9718DEF8-1DD9-4DA9-B531-2A09FEDE7567}
	EndGlobalSection
EndGlobal
